Microsoft Visual Studio Solution File, Format Version 12.00
# Visual Studio Version 17
VisualStudioVersion = 17.5.2.0
MinimumVisualStudioVersion = 10.0.40219.1
Project("{2150E333-8FDC-42A3-9474-1A3956D46DE8}") = "Labfiles", "Labfiles", "{E34FE7DF-E823-91FC-26CE-DC3F33A9AAE2}"
EndProject
Project("{2150E333-8FDC-42A3-9474-1A3956D46DE8}") = "01-app-develop", "01-app-develop", "{19091E6F-1E78-E4F0-D070-D13E0E73D5FF}"
EndProject
Project("{FAE04EC0-301F-11D3-BF4B-00C04F79EFBC}") = "CSharp", "Labfiles\01-app-develop\CSharp\CSharp.csproj", "{D0670FC3-3E2A-4A13-B524-A55A6607B5B9}"
EndProject
Project("{2150E333-8FDC-42A3-9474-1A3956D46DE8}") = "02-azure-openai-api", "02-azure-openai-api", "{1E5F490D-54CE-5C8B-037D-697C3E8A0EBE}"
EndProject
Project("{FAE04EC0-301F-11D3-BF4B-00C04F79EFBC}") = "CSharp", "Labfiles\02-azure-openai-api\CSharp\CSharp.csproj", "{E3E2A77E-3E5B-ABBA-4BD7-939DBB4BB95C}"
EndProject
Project("{2150E333-8FDC-42A3-9474-1A3956D46DE8}") = "02-use-own-data", "02-use-own-data", "{BDB0EA84-18C8-D69B-DCE3-4FDBFABD95B3}"
EndProject
Project("{FAE04EC0-301F-11D3-BF4B-00C04F79EFBC}") = "CSharp", "Labfiles\02-use-own-data\CSharp\CSharp.csproj", "{E1C631C5-0957-47CA-CAA3-E54292F003C9}"
EndProject
Project("{2150E333-8FDC-42A3-9474-1A3956D46DE8}") = "03-image-generation", "03-image-generation", "{C3DD1C9F-E0CA-CD91-B8F0-4C5B6F96584C}"
EndProject
Project("{FAE04EC0-301F-11D3-BF4B-00C04F79EFBC}") = "dalle-client", "Labfiles\03-image-generation\CSharp\dalle-client.csproj", "{74158AA9-E344-8C21-FA44-E788A287B7A7}"
EndProject
Project("{2150E333-8FDC-42A3-9474-1A3956D46DE8}") = "03-prompt-engineering", "03-prompt-engineering", "{58BFA904-F452-4598-6D08-5CBFBF93073E}"
EndProject
Project("{FAE04EC0-301F-11D3-BF4B-00C04F79EFBC}") = "CSharp", "Labfiles\03-prompt-engineering\CSharp\CSharp.csproj", "{7F7BD16A-88C4-97BD-AE69-BC12D259D1D5}"
EndProject
Project("{2150E333-8FDC-42A3-9474-1A3956D46DE8}") = "04-code-generation", "04-code-generation", "{43A58B51-D10A-57B2-0058-E48237A24966}"
EndProject
Project("{FAE04EC0-301F-11D3-BF4B-00C04F79EFBC}") = "CSharp", "Labfiles\04-code-generation\CSharp\CSharp.csproj", "{7436A8AD-F3F5-11EA-6442-6A64D214916E}"
EndProject
Project("{2150E333-8FDC-42A3-9474-1A3956D46DE8}") = "05-image-generation", "05-image-generation", "{731C995B-F0A0-896E-18EB-1BE63F1071EA}"
EndProject
Project("{FAE04EC0-301F-11D3-BF4B-00C04F79EFBC}") = "generate_image", "Labfiles\05-image-generation\CSharp\generate_image.csproj", "{E0BC5586-847D-0FAD-3EEE-8E605C615ED7}"
EndProject
Project("{2150E333-8FDC-42A3-9474-1A3956D46DE8}") = "06-use-own-data", "06-use-own-data", "{D9BA6BB5-8F08-253D-B301-2AAE8E6699C4}"
EndProject
Project("{FAE04EC0-301F-11D3-BF4B-00C04F79EFBC}") = "CSharp", "Labfiles\06-use-own-data\CSharp\CSharp.csproj", "{DC529222-85E7-BFD4-75CB-E1166123C7E9}"
EndProject
Project("{2150E333-8FDC-42A3-9474-1A3956D46DE8}") = "sample-code", "sample-code", "{3F13E48E-B347-169B-8CC4-E48E3E66D874}"
EndProject
Project("{FAE04EC0-301F-11D3-BF4B-00C04F79EFBC}") = "CSharp", "Labfiles\04-code-generation\sample-code\go-fish\CSharp.csproj", "{2105388D-CA63-5EC7-042A-0FB07C302641}"
EndProject
Global
	GlobalSection(SolutionConfigurationPlatforms) = preSolution
		Debug|Any CPU = Debug|Any CPU
		Release|Any CPU = Release|Any CPU
	EndGlobalSection
	GlobalSection(ProjectConfigurationPlatforms) = postSolution
		{D0670FC3-3E2A-4A13-B524-A55A6607B5B9}.Debug|Any CPU.ActiveCfg = Debug|Any CPU
		{D0670FC3-3E2A-4A13-B524-A55A6607B5B9}.Debug|Any CPU.Build.0 = Debug|Any CPU
		{D0670FC3-3E2A-4A13-B524-A55A6607B5B9}.Release|Any CPU.ActiveCfg = Release|Any CPU
		{D0670FC3-3E2A-4A13-B524-A55A6607B5B9}.Release|Any CPU.Build.0 = Release|Any CPU
		{E3E2A77E-3E5B-ABBA-4BD7-939DBB4BB95C}.Debug|Any CPU.ActiveCfg = Debug|Any CPU
		{E3E2A77E-3E5B-ABBA-4BD7-939DBB4BB95C}.Debug|Any CPU.Build.0 = Debug|Any CPU
		{E3E2A77E-3E5B-ABBA-4BD7-939DBB4BB95C}.Release|Any CPU.ActiveCfg = Release|Any CPU
		{E3E2A77E-3E5B-ABBA-4BD7-939DBB4BB95C}.Release|Any CPU.Build.0 = Release|Any CPU
		{E1C631C5-0957-47CA-CAA3-E54292F003C9}.Debug|Any CPU.ActiveCfg = Debug|Any CPU
		{E1C631C5-0957-47CA-CAA3-E54292F003C9}.Debug|Any CPU.Build.0 = Debug|Any CPU
		{E1C631C5-0957-47CA-CAA3-E54292F003C9}.Release|Any CPU.ActiveCfg = Release|Any CPU
		{E1C631C5-0957-47CA-CAA3-E54292F003C9}.Release|Any CPU.Build.0 = Release|Any CPU
		{74158AA9-E344-8C21-FA44-E788A287B7A7}.Debug|Any CPU.ActiveCfg = Debug|Any CPU
		{74158AA9-E344-8C21-FA44-E788A287B7A7}.Debug|Any CPU.Build.0 = Debug|Any CPU
		{74158AA9-E344-8C21-FA44-E788A287B7A7}.Release|Any CPU.ActiveCfg = Release|Any CPU
		{74158AA9-E344-8C21-FA44-E788A287B7A7}.Release|Any CPU.Build.0 = Release|Any CPU
		{7F7BD16A-88C4-97BD-AE69-BC12D259D1D5}.Debug|Any CPU.ActiveCfg = Debug|Any CPU
		{7F7BD16A-88C4-97BD-AE69-BC12D259D1D5}.Debug|Any CPU.Build.0 = Debug|Any CPU
		{7F7BD16A-88C4-97BD-AE69-BC12D259D1D5}.Release|Any CPU.ActiveCfg = Release|Any CPU
		{7F7BD16A-88C4-97BD-AE69-BC12D259D1D5}.Release|Any CPU.Build.0 = Release|Any CPU
		{7436A8AD-F3F5-11EA-6442-6A64D214916E}.Debug|Any CPU.ActiveCfg = Debug|Any CPU
		{7436A8AD-F3F5-11EA-6442-6A64D214916E}.Debug|Any CPU.Build.0 = Debug|Any CPU
		{7436A8AD-F3F5-11EA-6442-6A64D214916E}.Release|Any CPU.ActiveCfg = Release|Any CPU
		{7436A8AD-F3F5-11EA-6442-6A64D214916E}.Release|Any CPU.Build.0 = Release|Any CPU
		{E0BC5586-847D-0FAD-3EEE-8E605C615ED7}.Debug|Any CPU.ActiveCfg = Debug|Any CPU
		{E0BC5586-847D-0FAD-3EEE-8E605C615ED7}.Debug|Any CPU.Build.0 = Debug|Any CPU
		{E0BC5586-847D-0FAD-3EEE-8E605C615ED7}.Release|Any CPU.ActiveCfg = Release|Any CPU
		{E0BC5586-847D-0FAD-3EEE-8E605C615ED7}.Release|Any CPU.Build.0 = Release|Any CPU
		{DC529222-85E7-BFD4-75CB-E1166123C7E9}.Debug|Any CPU.ActiveCfg = Debug|Any CPU
		{DC529222-85E7-BFD4-75CB-E1166123C7E9}.Debug|Any CPU.Build.0 = Debug|Any CPU
		{DC529222-85E7-BFD4-75CB-E1166123C7E9}.Release|Any CPU.ActiveCfg = Release|Any CPU
		{DC529222-85E7-BFD4-75CB-E1166123C7E9}.Release|Any CPU.Build.0 = Release|Any CPU
		{2105388D-CA63-5EC7-042A-0FB07C302641}.Debug|Any CPU.ActiveCfg = Debug|Any CPU
		{2105388D-CA63-5EC7-042A-0FB07C302641}.Debug|Any CPU.Build.0 = Debug|Any CPU
		{2105388D-CA63-5EC7-042A-0FB07C302641}.Release|Any CPU.ActiveCfg = Release|Any CPU
		{2105388D-CA63-5EC7-042A-0FB07C302641}.Release|Any CPU.Build.0 = Release|Any CPU
	EndGlobalSection
	GlobalSection(SolutionProperties) = preSolution
		HideSolutionNode = FALSE
	EndGlobalSection
	GlobalSection(NestedProjects) = preSolution
		{19091E6F-1E78-E4F0-D070-D13E0E73D5FF} = {E34FE7DF-E823-91FC-26CE-DC3F33A9AAE2}
		{D0670FC3-3E2A-4A13-B524-A55A6607B5B9} = {19091E6F-1E78-E4F0-D070-D13E0E73D5FF}
		{1E5F490D-54CE-5C8B-037D-697C3E8A0EBE} = {E34FE7DF-E823-91FC-26CE-DC3F33A9AAE2}
		{E3E2A77E-3E5B-ABBA-4BD7-939DBB4BB95C} = {1E5F490D-54CE-5C8B-037D-697C3E8A0EBE}
		{BDB0EA84-18C8-D69B-DCE3-4FDBFABD95B3} = {E34FE7DF-E823-91FC-26CE-DC3F33A9AAE2}
		{E1C631C5-0957-47CA-CAA3-E54292F003C9} = {BDB0EA84-18C8-D69B-DCE3-4FDBFABD95B3}
		{C3DD1C9F-E0CA-CD91-B8F0-4C5B6F96584C} = {E34FE7DF-E823-91FC-26CE-DC3F33A9AAE2}
		{74158AA9-E344-8C21-FA44-E788A287B7A7} = {C3DD1C9F-E0CA-CD91-B8F0-4C5B6F96584C}
		{58BFA904-F452-4598-6D08-5CBFBF93073E} = {E34FE7DF-E823-91FC-26CE-DC3F33A9AAE2}
		{7F7BD16A-88C4-97BD-AE69-BC12D259D1D5} = {58BFA904-F452-4598-6D08-5CBFBF93073E}
		{43A58B51-D10A-57B2-0058-E48237A24966} = {E34FE7DF-E823-91FC-26CE-DC3F33A9AAE2}
		{7436A8AD-F3F5-11EA-6442-6A64D214916E} = {43A58B51-D10A-57B2-0058-E48237A24966}
		{731C995B-F0A0-896E-18EB-1BE63F1071EA} = {E34FE7DF-E823-91FC-26CE-DC3F33A9AAE2}
		{E0BC5586-847D-0FAD-3EEE-8E605C615ED7} = {731C995B-F0A0-896E-18EB-1BE63F1071EA}
		{D9BA6BB5-8F08-253D-B301-2AAE8E6699C4} = {E34FE7DF-E823-91FC-26CE-DC3F33A9AAE2}
		{DC529222-85E7-BFD4-75CB-E1166123C7E9} = {D9BA6BB5-8F08-253D-B301-2AAE8E6699C4}
		{3F13E48E-B347-169B-8CC4-E48E3E66D874} = {43A58B51-D10A-57B2-0058-E48237A24966}
		{2105388D-CA63-5EC7-042A-0FB07C302641} = {3F13E48E-B347-169B-8CC4-E48E3E66D874}
	EndGlobalSection
	GlobalSection(ExtensibilityGlobals) = postSolution
		SolutionGuid = {8CFCF073-A30F-4F0D-BF8C-882524A24DC4}
	EndGlobalSection
EndGlobal
